dependencies:
  espressif/mdns:
    component_hash: 7c0fa01a1cd0e72a87ec1928c3b661c0a3a9034a6d3a69dcf4850db8c6f272db
    dependencies:
    - name: idf
      require: private
      version: '>=5.0'
    source:
      registry_url: https://components.espressif.com
      type: service
    version: 1.10.1
  espressif/mqtt:
    component_hash: ffdad5659706b4dc14bc63f8eb73ef765efa015bf7e9adf71c813d52a2dc9342
    dependencies:
    - name: idf
      require: private
      version: '>=5.3'
    source:
      registry_url: https://components.espressif.com/
      type: service
    version: 1.0.0
  idf:
    source:
      type: idf
    version: 5.5.2
  tuanpmt/esp_bus:
    component_hash: e78c5ae0f388a278258e4c7ca15b7e6a937e6aca0228ff49686836d2724c4727
    dependencies:
    - name: idf
      require: private
      version: '>=5.0'
    source:
      registry_url: https://components.espressif.com
      type: service
    targets:
    - esp32
    - esp32s2
    - esp32s3
    - esp32c2
    - esp32c3
    - esp32c6
    - esp32h2
    version: 1.0.3
  tuanpmt/esp_wifi_manager:
    component_hash: 5a3c919c6679dbe8a39f3af8254b722c58d5e3aa6dfa3e8663e6d90eea035ab9
    dependencies:
    - name: espressif/mdns
      registry_url: https://components.espressif.com
      require: private
      version: ^1.2
    - name: idf
      require: private
      version: '>=5.0.0'
    - name: tuanpmt/esp_bus
      registry_url: https://components.espressif.com
      require: private
      version: ^1.0.3
    source:
      registry_url: https://components.espressif.com/
      type: service
    targets:
    - esp32
    - esp32s2
    - esp32s3
    - esp32c3
    - esp32c6
    - esp32h2
    version: 1.1.0
direct_dependencies:
- espressif/mqtt
- idf
- tuanpmt/esp_wifi_manager
manifest_hash: ef32de77338c63fca1cfa07bc1da759e7009f07cec7766d462d4abb2b6a04597
target: esp32
version: 2.0.0
