dependencies:
  espressif/jsmn:
    component_hash: d80350c41bbaa827c98a25b6072df00884e72f54885996fab4a4f0aebce6b6c3
    dependencies:
    - name: idf
      require: private
      version: '>=4.3'
    source:
      registry_url: https://components.espressif.com
      type: service
    version: 1.1.0
  espressif/json_generator:
    component_hash: 6538d6acb33976977224343105498c06bcee459f932450a827176f992cdd24e8
    dependencies: []
    source:
      registry_url: https://components.espressif.com/
      type: service
    version: 1.2.0
  espressif/json_parser:
    component_hash: d74b81729ad06ec11ff5eb5b1b0d7df1d00e6027fc11471f4b139c70dcf1b1e4
    dependencies:
    - name: espressif/jsmn
      registry_url: https://components.espressif.com
      require: private
      rules:
      - if: idf_version >=5.0
      version: ~1.1
    source:
      registry_url: https://components.espressif.com/
      type: service
    version: 1.0.3
  espressif/mdns:
    component_hash: 291732b5df4d181eb75eba9042799a508c4c124503a0c0573132a0a48d2e3fbe
    dependencies:
    - name: idf
      require: private
      version: '>=5.0'
    source:
      registry_url: https://components.espressif.com
      type: service
    version: 1.11.2
  espressif/mqtt:
    component_hash: ffdad5659706b4dc14bc63f8eb73ef765efa015bf7e9adf71c813d52a2dc9342
    dependencies:
    - name: idf
      require: private
      version: '>=5.3'
    source:
      registry_url: https://components.espressif.com/
      type: service
    version: 1.0.0
  idf:
    source:
      type: idf
    version: 5.5.2
  k0i05/esp_ltr390uv:
    component_hash: 4537bb42a98845426739a276a7dd3b8c395007d9ebc61388a7e5b685d938907d
    dependencies:
    - name: idf
      require: private
      version: '>5.3.0'
    - name: k0i05/esp_type_utils
      registry_url: https://components.espressif.com
      require: private
      version: '>=0.0.1'
    source:
      registry_url: https://components.espressif.com/
      type: service
    version: 1.2.7
  k0i05/esp_type_utils:
    component_hash: 95d8ec40268e045f7e264d8035f451e53844b4a2f6d5f112ece6645c5effd639
    dependencies:
    - name: idf
      require: private
      version: '>5.3.0'
    source:
      registry_url: https://components.espressif.com
      type: service
    version: 1.2.7
  tuanpmt/esp_bus:
    component_hash: e78c5ae0f388a278258e4c7ca15b7e6a937e6aca0228ff49686836d2724c4727
    dependencies:
    - name: idf
      require: private
      version: '>=5.0'
    source:
      registry_url: https://components.espressif.com
      type: service
    targets:
    - esp32
    - esp32s2
    - esp32s3
    - esp32c2
    - esp32c3
    - esp32c6
    - esp32h2
    version: 1.0.3
  tuanpmt/esp_wifi_manager:
    component_hash: 5a3c919c6679dbe8a39f3af8254b722c58d5e3aa6dfa3e8663e6d90eea035ab9
    dependencies:
    - name: espressif/mdns
      registry_url: https://components.espressif.com
      require: private
      version: ^1.2
    - name: idf
      require: private
      version: '>=5.0.0'
    - name: tuanpmt/esp_bus
      registry_url: https://components.espressif.com
      require: private
      version: ^1.0.3
    source:
      registry_url: https://components.espressif.com/
      type: service
    targets:
    - esp32
    - esp32s2
    - esp32s3
    - esp32c3
    - esp32c6
    - esp32h2
    version: 1.1.0
direct_dependencies:
- espressif/json_generator
- espressif/json_parser
- espressif/mqtt
- idf
- k0i05/esp_ltr390uv
- tuanpmt/esp_wifi_manager
manifest_hash: 31d9a1d987c2639f85b960a87c63fb4294a27c7c1d2f18f97cd6ed3d30664624
target: esp32
version: 2.0.0
